
Microsoft Visual Studio Solution File, Format Version 12.00
Project("{FAE04EC0-301F-11D3-BF4B-00C04F79EFBC}") = "ConsoleApp35", "ConsoleApp35\ConsoleApp35.csproj", "{FE05F914-F559-4373-B3EA-2DA16387A07C}"
EndProject
Global
	GlobalSection(SolutionConfigurationPlatforms) = preSolution
		Debug|Any CPU = Debug|Any CPU
		Release|Any CPU = Release|Any CPU
	EndGlobalSection
	GlobalSection(ProjectConfigurationPlatforms) = postSolution
		{FE05F914-F559-4373-B3EA-2DA16387A07C}.Debug|Any CPU.ActiveCfg = Debug|Any CPU
		{FE05F914-F559-4373-B3EA-2DA16387A07C}.Debug|Any CPU.Build.0 = Debug|Any CPU
		{FE05F914-F559-4373-B3EA-2DA16387A07C}.Release|Any CPU.ActiveCfg = Release|Any CPU
		{FE05F914-F559-4373-B3EA-2DA16387A07C}.Release|Any CPU.Build.0 = Release|Any CPU
	EndGlobalSection
EndGlobal
